Microsoft Visual Studio Solution File, Format Version 12.00
# Visual Studio Version 17
VisualStudioVersion = 17.5.2.0
MinimumVisualStudioVersion = 10.0.40219.1
Project("{FAE04EC0-301F-11D3-BF4B-00C04F79EFBC}") = "EventSphere.API", "EventSphere.API.csproj", "{4BA595CE-4D3B-6E73-82CA-FA8F9890BF89}"
EndProject
Global
	GlobalSection(SolutionConfigurationPlatforms) = preSolution
		Debug|Any CPU = Debug|Any CPU
		Release|Any CPU = Release|Any CPU
	EndGlobalSection
	GlobalSection(ProjectConfigurationPlatforms) = postSolution
		{4BA595CE-4D3B-6E73-82CA-FA8F9890BF89}.Debug|Any CPU.ActiveCfg = Debug|Any CPU
		{4BA595CE-4D3B-6E73-82CA-FA8F9890BF89}.Debug|Any CPU.Build.0 = Debug|Any CPU
		{4BA595CE-4D3B-6E73-82CA-FA8F9890BF89}.Release|Any CPU.ActiveCfg = Release|Any CPU
		{4BA595CE-4D3B-6E73-82CA-FA8F9890BF89}.Release|Any CPU.Build.0 = Release|Any CPU
	EndGlobalSection
	GlobalSection(SolutionProperties) = preSolution
		HideSolutionNode = FALSE
	EndGlobalSection
	GlobalSection(ExtensibilityGlobals) = postSolution
		SolutionGuid = {ABD65B88-6BE8-4543-BD77-542E156AAC5E}
	EndGlobalSection
EndGlobal
